
Microsoft Visual Studio Solution File, Format Version 12.00
# Visual Studio 15
VisualStudioVersion = 15.0.27703.2035
MinimumVisualStudioVersion = 10.0.40219.1
Project("{FAE04EC0-301F-11D3-BF4B-00C04F79EFBC}") = "Stand_control", "Stand_control.csproj", "{879DB4BA-4DB9-4146-AB43-C374183F114B}"
EndProject
Global
	GlobalSection(SolutionConfigurationPlatforms) = preSolution
		Debug|Any CPU = Debug|Any CPU
		Release|Any CPU = Release|Any CPU
	EndGlobalSection
	GlobalSection(ProjectConfigurationPlatforms) = postSolution
		{879DB4BA-4DB9-4146-AB43-C374183F114B}.Debug|Any CPU.ActiveCfg = Debug|Any CPU
		{879DB4BA-4DB9-4146-AB43-C374183F114B}.Debug|Any CPU.Build.0 = Debug|Any CPU
		{879DB4BA-4DB9-4146-AB43-C374183F114B}.Release|Any CPU.ActiveCfg = Release|Any CPU
		{879DB4BA-4DB9-4146-AB43-C374183F114B}.Release|Any CPU.Build.0 = Release|Any CPU
	EndGlobalSection
	GlobalSection(SolutionProperties) = preSolution
		HideSolutionNode = FALSE
	EndGlobalSection
	GlobalSection(ExtensibilityGlobals) = postSolution
		SolutionGuid = {505BD013-6305-42CA-893B-A886EB677F3A}
	EndGlobalSection
EndGlobal
